{
  "nodes": {
    "nixpkgs": {
      "locked": {
        "lastModified": 1740582133,
        "narHash": "sha256-uP0ydEFGG/w30Ja6+nEHIhquGg8qjzpn1RYRph9SbeU=",
        "owner": "nixos",
        "repo": "nixpkgs",
        "rev": "b2f2859ddc345465d64cd0300a246e1b3455ea5f",
        "type": "github"
      },
      "original": {
        "owner": "nixos",
        "repo": "nixpkgs",
        "type": "github"
      }
    },
    "root": {
      "inputs": {
        "nixpkgs": "nixpkgs"
      }
    }
  },
  "root": "root",
  "version": 7
}
